
Microsoft Visual Studio Solution File, Format Version 12.00
# Visual Studio Version 16
VisualStudioVersion = 16.0.32901.82
MinimumVisualStudioVersion = 10.0.40219.1
Project("{C9674DCB-5085-4A16-B785-4C70DD1589BD}") = "EmailGate", "EmailGate.dtproj", "{F897A3DD-C417-4B8F-BD94-409052BF30FA}"
EndProject
Global
	GlobalSection(SolutionConfigurationPlatforms) = preSolution
		Development|Default = Development|Default
	EndGlobalSection
	GlobalSection(ProjectConfigurationPlatforms) = postSolution
		{F897A3DD-C417-4B8F-BD94-409052BF30FA}.Development|Default.ActiveCfg = Development
		{F897A3DD-C417-4B8F-BD94-409052BF30FA}.Development|Default.Build.0 = Development
	EndGlobalSection
	GlobalSection(SolutionProperties) = preSolution
		HideSolutionNode = FALSE
	EndGlobalSection
	GlobalSection(ExtensibilityGlobals) = postSolution
		SolutionGuid = {F59F936F-9EF9-444A-B128-5EDAE5C51AA6}
	EndGlobalSection
EndGlobal
